github.com/gorilla/mux v1.8.1 h1:i+VUc77hmj4h95QbqfksIXJRB4EjEjz90a5jXCD6x74=
github.com/gorilla/mux v1.8.1/go.mod h1:uFuaQeXsWqtPThl2OFjKtdq9AD757xN45r3+k+WUw54=
github.com/mattn/go-sqlite3 v1.14.22 h1:2gZY6PC6kBnID23Tichd1K+Z0oS6nE/XwU+Vz/5o4kU=
github.com/mattn/go-sqlite3 v1.14.22/go.mod h1:Uh1q+B4BYcTPb+yiD3kU8Ct7aC0hY9fxUwlHK0RXw+Y=
